
Microsoft Visual Studio Solution File, Format Version 12.00
# Visual Studio Version 16
VisualStudioVersion = 16.0.32602.290
MinimumVisualStudioVersion = 10.0.40219.1
Project("{FAE04EC0-301F-11D3-BF4B-00C04F79EFBC}") = "Tema2-CalculadoraBasica", "Tema2-CalculadoraBasica.csproj", "{98190264-E08C-441D-948D-9C15DE4C267A}"
EndProject
Global
	GlobalSection(SolutionConfigurationPlatforms) = preSolution
		Debug|Any CPU = Debug|Any CPU
		Release|Any CPU = Release|Any CPU
	EndGlobalSection
	GlobalSection(ProjectConfigurationPlatforms) = postSolution
		{98190264-E08C-441D-948D-9C15DE4C267A}.Debug|Any CPU.ActiveCfg = Debug|Any CPU
		{98190264-E08C-441D-948D-9C15DE4C267A}.Debug|Any CPU.Build.0 = Debug|Any CPU
		{98190264-E08C-441D-948D-9C15DE4C267A}.Release|Any CPU.ActiveCfg = Release|Any CPU
		{98190264-E08C-441D-948D-9C15DE4C267A}.Release|Any CPU.Build.0 = Release|Any CPU
	EndGlobalSection
	GlobalSection(SolutionProperties) = preSolution
		HideSolutionNode = FALSE
	EndGlobalSection
	GlobalSection(ExtensibilityGlobals) = postSolution
		SolutionGuid = {80F1076C-81D4-420F-B037-FCDC975D5CB2}
	EndGlobalSection
EndGlobal
